// !$*UTF8*$!
{
	archiveVersion = 1;
	classes = {
	};
	objectVersion = 46;
	objects = {

/* Begin PBXBuildFile section */
		660DF98119E72C4D00CBB4A5 /* main.m in Sources */ = {isa = PBXBuildFile; fileRef = 660DF98019E72C4D00CBB4A5 /* main.m */; };
		660DF98419E72C4D00CBB4A5 /* AppDelegate.m in Sources */ = {isa = PBXBuildFile; fileRef = 660DF98319E72C4D00CBB4A5 /* AppDelegate.m */; };
		660DF98719E72C4D00CBB4A5 /* ViewController.m in Sources */ = {isa = PBXBuildFile; fileRef = 660DF98619E72C4D00CBB4A5 /* ViewController.m */; };
		660DF98A19E72C4D00CBB4A5 /* Main.storyboard in Resources */ = {isa = PBXBuildFile; fileRef = 660DF98819E72C4D00CBB4A5 /* Main.storyboard */; };
		660DF98C19E72C4D00CBB4A5 /* Images.xcassets in Resources */ = {isa = PBXBuildFile; fileRef = 660DF98B19E72C4D00CBB4A5 /* Images.xcassets */; };
		660DF98F19E72C4D00CBB4A5 /* LaunchScreen.xib in Resources */ = {isa = PBXBuildFile; fileRef = 660DF98D19E72C4D00CBB4A5 /* LaunchScreen.xib */; };
		660DF99B19E72C4D00CBB4A5 /* LIonsAndTigersTests.m in Sources */ = {isa = PBXBuildFile; fileRef = 660DF99A19E72C4D00CBB4A5 /* LIonsAndTigersTests.m */; };
		660DF9A619E72EF800CBB4A5 /* HUDViewController.m in Sources */ = {isa = PBXBuildFile; fileRef = 660DF9A519E72EF800CBB4A5 /* HUDViewController.m */; };
		660DF9A919E730C100CBB4A5 /* TopViewController.m in Sources */ = {isa = PBXBuildFile; fileRef = 660DF9A819E730C100CBB4A5 /* TopViewController.m */; };
/* End PBXBuildFile section */

/* Begin PBXContainerItemProxy section */
		660DF99519E72C4D00CBB4A5 /* PBXContainerItemProxy */ = {
			isa = PBXContainerItemProxy;
			containerPortal = 660DF97319E72C4D00CBB4A5 /* Project object */;
			proxyType = 1;
			remoteGlobalIDString = 660DF97A19E72C4D00CBB4A5;
			remoteInfo = LIonsAndTigers;
		};
/* End PBXContainerItemProxy section */

/* Begin PBXFileReference section */
		660DF97B19E72C4D00CBB4A5 /* LIonsAndTigers.app */ = {isa = PBXFileReference; explicitFileType = wrapper.application; includeInIndex = 0; path = LIonsAndTigers.app; sourceTree = BUILT_PRODUCTS_DIR; };
		660DF97F19E72C4D00CBB4A5 /* Info.plist */ = {isa = PBXFileReference; lastKnownFileType = text.plist.xml; path = Info.plist; sourceTree = "<group>"; };
		660DF98019E72C4D00CBB4A5 /* main.m */ = {isa = PBXFileReference; lastKnownFileType = sourcecode.c.objc; path = main.m; sourceTree = "<group>"; };
		660DF98219E72C4D00CBB4A5 /* AppDelegate.h */ = {isa = PBXFileReference; lastKnownFileType = sourcecode.c.h; path = AppDelegate.h; sourceTree = "<group>"; };
		660DF98319E72C4D00CBB4A5 /* AppDelegate.m */ = {isa = PBXFileReference; lastKnownFileType = sourcecode.c.objc; path = AppDelegate.m; sourceTree = "<group>"; };
		660DF98519E72C4D00CBB4A5 /* ViewController.h */ = {isa = PBXFileReference; lastKnownFileType = sourcecode.c.h; path = ViewController.h; sourceTree = "<group>"; };
		660DF98619E72C4D00CBB4A5 /* ViewController.m */ = {isa = PBXFileReference; lastKnownFileType = sourcecode.c.objc; path = ViewController.m; sourceTree = "<group>"; };
		660DF98919E72C4D00CBB4A5 /* Base */ = {isa = PBXFileReference; lastKnownFileType = file.storyboard; name = Base; path = Base.lproj/Main.storyboard; sourceTree = "<group>"; };
		660DF98B19E72C4D00CBB4A5 /* Images.xcassets */ = {isa = PBXFileReference; lastKnownFileType = folder.assetcatalog; path = Images.xcassets; sourceTree = "<group>"; };
		660DF98E19E72C4D00CBB4A5 /* Base */ = {isa = PBXFileReference; lastKnownFileType = file.xib; name = Base; path = Base.lproj/LaunchScreen.xib; sourceTree = "<group>"; };
		660DF99419E72C4D00CBB4A5 /* LIonsAndTigersTests.xctest */ = {isa = PBXFileReference; explicitFileType = wrapper.cfbundle; includeInIndex = 0; path = LIonsAndTigersTests.xctest; sourceTree = BUILT_PRODUCTS_DIR; };
		660DF99919E72C4D00CBB4A5 /* Info.plist */ = {isa = PBXFileReference; lastKnownFileType = text.plist.xml; path = Info.plist; sourceTree = "<group>"; };
		660DF99A19E72C4D00CBB4A5 /* LIonsAndTigersTests.m */ = {isa = PBXFileReference; lastKnownFileType = sourcecode.c.objc; path = LIonsAndTigersTests.m; sourceTree = "<group>"; };
		660DF9A419E72EF800CBB4A5 /* HUDViewController.h */ = {isa = PBXFileReference; fileEncoding = 4; lastKnownFileType = sourcecode.c.h; path = HUDViewController.h; sourceTree = "<group>"; };
		660DF9A519E72EF800CBB4A5 /* HUDViewController.m */ = {isa = PBXFileReference; fileEncoding = 4; lastKnownFileType = sourcecode.c.objc; path = HUDViewController.m; sourceTree = "<group>"; };
		660DF9A719E730C100CBB4A5 /* TopViewController.h */ = {isa = PBXFileReference; fileEncoding = 4; lastKnownFileType = sourcecode.c.h; path = TopViewController.h; sourceTree = "<group>"; };
		660DF9A819E730C100CBB4A5 /* TopViewController.m */ = {isa = PBXFileReference; fileEncoding = 4; lastKnownFileType = sourcecode.c.objc; path = TopViewController.m; sourceTree = "<group>"; };
/* End PBXFileReference section */

/* Begin PBXFrameworksBuildPhase section */
		660DF97819E72C4D00CBB4A5 /* Frameworks */ = {
			isa = PBXFrameworksBuildPhase;
			buildActionMask = 2147483647;
			files = (
			);
			runOnlyForDeploymentPostprocessing = 0;
		};
		660DF99119E72C4D00CBB4A5 /* Frameworks */ = {
			isa = PBXFrameworksBuildPhase;
			buildActionMask = 2147483647;
			files = (
			);
			runOnlyForDeploymentPostprocessing = 0;
		};
/* End PBXFrameworksBuildPhase section */

/* Begin PBXGroup section */
		660DF97219E72C4D00CBB4A5 = {
			isa = PBXGroup;
			children = (
				660DF97D19E72C4D00CBB4A5 /* LIonsAndTigers */,
				660DF99719E72C4D00CBB4A5 /* LIonsAndTigersTests */,
				660DF97C19E72C4D00CBB4A5 /* Products */,
			);
			sourceTree = "<group>";
		};
		660DF97C19E72C4D00CBB4A5 /* Products */ = {
			isa = PBXGroup;
			children = (
				660DF97B19E72C4D00CBB4A5 /* LIonsAndTigers.app */,
				660DF99419E72C4D00CBB4A5 /* LIonsAndTigersTests.xctest */,
			);
			name = Products;
			sourceTree = "<group>";
		};
		660DF97D19E72C4D00CBB4A5 /* LIonsAndTigers */ = {
			isa = PBXGroup;
			children = (
				660DF98219E72C4D00CBB4A5 /* AppDelegate.h */,
				660DF98319E72C4D00CBB4A5 /* AppDelegate.m */,
				660DF98519E72C4D00CBB4A5 /* ViewController.h */,
				660DF98619E72C4D00CBB4A5 /* ViewController.m */,
				660DF98819E72C4D00CBB4A5 /* Main.storyboard */,
				660DF9A719E730C100CBB4A5 /* TopViewController.h */,
				660DF9A819E730C100CBB4A5 /* TopViewController.m */,
				660DF9A419E72EF800CBB4A5 /* HUDViewController.h */,
				660DF9A519E72EF800CBB4A5 /* HUDViewController.m */,
				660DF98B19E72C4D00CBB4A5 /* Images.xcassets */,
				660DF98D19E72C4D00CBB4A5 /* LaunchScreen.xib */,
				660DF97E19E72C4D00CBB4A5 /* Supporting Files */,
			);
			path = LIonsAndTigers;
			sourceTree = "<group>";
		};
		660DF97E19E72C4D00CBB4A5 /* Supporting Files */ = {
			isa = PBXGroup;
			children = (
				660DF97F19E72C4D00CBB4A5 /* Info.plist */,
				660DF98019E72C4D00CBB4A5 /* main.m */,
			);
			name = "Supporting Files";
			sourceTree = "<group>";
		};
		660DF99719E72C4D00CBB4A5 /* LIonsAndTigersTests */ = {
			isa = PBXGroup;
			children = (
				660DF99A19E72C4D00CBB4A5 /* LIonsAndTigersTests.m */,
				660DF99819E72C4D00CBB4A5 /* Supporting Files */,
			);
			path = LIonsAndTigersTests;
			sourceTree = "<group>";
		};
		660DF99819E72C4D00CBB4A5 /* Supporting Files */ = {
			isa = PBXGroup;
			children = (
				660DF99919E72C4D00CBB4A5 /* Info.plist */,
			);
			name = "Supporting Files";
			sourceTree = "<group>";
		};
/* End PBXGroup section */

/* Begin PBXNativeTarget section */
		660DF97A19E72C4D00CBB4A5 /* LIonsAndTigers */ = {
			isa = PBXNativeTarget;
			buildConfigurationList = 660DF99E19E72C4D00CBB4A5 /* Build configuration list for PBXNativeTarget "LIonsAndTigers" */;
			buildPhases = (
				660DF97719E72C4D00CBB4A5 /* Sources */,
				660DF97819E72C4D00CBB4A5 /* Frameworks */,
				660DF97919E72C4D00CBB4A5 /* Resources */,
			);
			buildRules = (
			);
			dependencies = (
			);
			name = LIonsAndTigers;
			productName = LIonsAndTigers;
			productReference = 660DF97B19E72C4D00CBB4A5 /* LIonsAndTigers.app */;
			productType = "com.apple.product-type.application";
		};
		660DF99319E72C4D00CBB4A5 /* LIonsAndTigersTests */ = {
			isa = PBXNativeTarget;
			buildConfigurationList = 660DF9A119E72C4D00CBB4A5 /* Build configuration list for PBXNativeTarget "LIonsAndTigersTests" */;
			buildPhases = (
				660DF99019E72C4D00CBB4A5 /* Sources */,
				660DF99119E72C4D00CBB4A5 /* Frameworks */,
				660DF99219E72C4D00CBB4A5 /* Resources */,
			);
			buildRules = (
			);
			dependencies = (
				660DF99619E72C4D00CBB4A5 /* PBXTargetDependency */,
			);
			name = LIonsAndTigersTests;
			productName = LIonsAndTigersTests;
			productReference = 660DF99419E72C4D00CBB4A5 /* LIonsAndTigersTests.xctest */;
			productType = "com.apple.product-type.bundle.unit-test";
		};
/* End PBXNativeTarget section */

/* Begin PBXProject section */
		660DF97319E72C4D00CBB4A5 /* Project object */ = {
			isa = PBXProject;
			attributes = {
				LastUpgradeCheck = 0600;
				ORGANIZATIONNAME = "Adam Cooper";
				TargetAttributes = {
					660DF97A19E72C4D00CBB4A5 = {
						CreatedOnToolsVersion = 6.0.1;
					};
					660DF99319E72C4D00CBB4A5 = {
						CreatedOnToolsVersion = 6.0.1;
						TestTargetID = 660DF97A19E72C4D00CBB4A5;
					};
				};
			};
			buildConfigurationList = 660DF97619E72C4D00CBB4A5 /* Build configuration list for PBXProject "LIonsAndTigers" */;
			compatibilityVersion = "Xcode 3.2";
			developmentRegion = English;
			hasScannedForEncodings = 0;
			knownRegions = (
				en,
				Base,
			);
			mainGroup = 660DF97219E72C4D00CBB4A5;
			productRefGroup = 660DF97C19E72C4D00CBB4A5 /* Products */;
			projectDirPath = "";
			projectRoot = "";
			targets = (
				660DF97A19E72C4D00CBB4A5 /* LIonsAndTigers */,
				660DF99319E72C4D00CBB4A5 /* LIonsAndTigersTests */,
			);
		};
/* End PBXProject section */

/* Begin PBXResourcesBuildPhase section */
		660DF97919E72C4D00CBB4A5 /* Resources */ = {
			isa = PBXResourcesBuildPhase;
			buildActionMask = 2147483647;
			files = (
				660DF98A19E72C4D00CBB4A5 /* Main.storyboard in Resources */,
				660DF98F19E72C4D00CBB4A5 /* LaunchScreen.xib in Resources */,
				660DF98C19E72C4D00CBB4A5 /* Images.xcassets in Resources */,
			);
			runOnlyForDeploymentPostprocessing = 0;
		};
		660DF99219E72C4D00CBB4A5 /* Resources */ = {
			isa = PBXResourcesBuildPhase;
			buildActionMask = 2147483647;
			files = (
			);
			runOnlyForDeploymentPostprocessing = 0;
		};
/* End PBXResourcesBuildPhase section */

/* Begin PBXSourcesBuildPhase section */
		660DF97719E72C4D00CBB4A5 /* Sources */ = {
			isa = PBXSourcesBuildPhase;
			buildActionMask = 2147483647;
			files = (
				660DF9A919E730C100CBB4A5 /* TopViewController.m in Sources */,
				660DF98719E72C4D00CBB4A5 /* ViewController.m in Sources */,
				660DF98419E72C4D00CBB4A5 /* AppDelegate.m in Sources */,
				660DF9A619E72EF800CBB4A5 /* HUDViewController.m in Sources */,
				660DF98119E72C4D00CBB4A5 /* main.m in Sources */,
			);
			runOnlyForDeploymentPostprocessing = 0;
		};
		660DF99019E72C4D00CBB4A5 /* Sources */ = {
			isa = PBXSourcesBuildPhase;
			buildActionMask = 2147483647;
			files = (
				660DF99B19E72C4D00CBB4A5 /* LIonsAndTigersTests.m in Sources */,
			);
			runOnlyForDeploymentPostprocessing = 0;
		};
/* End PBXSourcesBuildPhase section */

/* Begin PBXTargetDependency section */
		660DF99619E72C4D00CBB4A5 /* PBXTargetDependency */ = {
			isa = PBXTargetDependency;
			target = 660DF97A19E72C4D00CBB4A5 /* LIonsAndTigers */;
			targetProxy = 660DF99519E72C4D00CBB4A5 /* PBXContainerItemProxy */;
		};
/* End PBXTargetDependency section */

/* Begin PBXVariantGroup section */
		660DF98819E72C4D00CBB4A5 /* Main.storyboard */ = {
			isa = PBXVariantGroup;
			children = (
				660DF98919E72C4D00CBB4A5 /* Base */,
			);
			name = Main.storyboard;
			sourceTree = "<group>";
		};
		660DF98D19E72C4D00CBB4A5 /* LaunchScreen.xib */ = {
			isa = PBXVariantGroup;
			children = (
				660DF98E19E72C4D00CBB4A5 /* Base */,
			);
			name = LaunchScreen.xib;
			sourceTree = "<group>";
		};
/* End PBXVariantGroup section */

/* Begin XCBuildConfiguration section */
		660DF99C19E72C4D00CBB4A5 /* Debug */ = {
			isa = XCBuildConfiguration;
			buildSettings = {
				ALWAYS_SEARCH_USER_PATHS = NO;
				CLANG_CXX_LANGUAGE_STANDARD = "gnu++0x";
				CLANG_CXX_LIBRARY = "libc++";
				CLANG_ENABLE_MODULES = YES;
				CLANG_ENABLE_OBJC_ARC = YES;
				CLANG_WARN_BOOL_CONVERSION = YES;
				CLANG_WARN_CONSTANT_CONVERSION = YES;
				CLANG_WARN_DIRECT_OBJC_ISA_USAGE = YES_ERROR;
				CLANG_WARN_EMPTY_BODY = YES;
				CLANG_WARN_ENUM_CONVERSION = YES;
				CLANG_WARN_INT_CONVERSION = YES;
				CLANG_WARN_OBJC_ROOT_CLASS = YES_ERROR;
				CLANG_WARN_UNREACHABLE_CODE = YES;
				CLANG_WARN__DUPLICATE_METHOD_MATCH = YES;
				"CODE_SIGN_IDENTITY[sdk=iphoneos*]" = "iPhone Developer";
				COPY_PHASE_STRIP = NO;
				ENABLE_STRICT_OBJC_MSGSEND = YES;
				GCC_C_LANGUAGE_STANDARD = gnu99;
				GCC_DYNAMIC_NO_PIC = NO;
				GCC_OPTIMIZATION_LEVEL = 0;
				GCC_PREPROCESSOR_DEFINITIONS = (
					"DEBUG=1",
					"$(inherited)",
				);
				GCC_SYMBOLS_PRIVATE_EXTERN = NO;
				GCC_WARN_64_TO_32_BIT_CONVERSION = YES;
				GCC_WARN_ABOUT_RETURN_TYPE = YES_ERROR;
				GCC_WARN_UNDECLARED_SELECTOR = YES;
				GCC_WARN_UNINITIALIZED_AUTOS = YES_AGGRESSIVE;
				GCC_WARN_UNUSED_FUNCTION = YES;
				GCC_WARN_UNUSED_VARIABLE = YES;
				IPHONEOS_DEPLOYMENT_TARGET = 8.0;
				MTL_ENABLE_DEBUG_INFO = YES;
				ONLY_ACTIVE_ARCH = YES;
				SDKROOT = iphoneos;
			};
			name = Debug;
		};
		660DF99D19E72C4D00CBB4A5 /* Release */ = {
			isa = XCBuildConfiguration;
			buildSettings = {
				ALWAYS_SEARCH_USER_PATHS = NO;
				CLANG_CXX_LANGUAGE_STANDARD = "gnu++0x";
				CLANG_CXX_LIBRARY = "libc++";
				CLANG_ENABLE_MODULES = YES;
				CLANG_ENABLE_OBJC_ARC = YES;
				CLANG_WARN_BOOL_CONVERSION = YES;
				CLANG_WARN_CONSTANT_CONVERSION = YES;
				CLANG_WARN_DIRECT_OBJC_ISA_USAGE = YES_ERROR;
				CLANG_WARN_EMPTY_BODY = YES;
				CLANG_WARN_ENUM_CONVERSION = YES;
				CLANG_WARN_INT_CONVERSION = YES;
				CLANG_WARN_OBJC_ROOT_CLASS = YES_ERROR;
				CLANG_WARN_UNREACHABLE_CODE = YES;
				CLANG_WARN__DUPLICATE_METHOD_MATCH = YES;
				"CODE_SIGN_IDENTITY[sdk=iphoneos*]" = "iPhone Developer";
				COPY_PHASE_STRIP = YES;
				ENABLE_NS_ASSERTIONS = NO;
				ENABLE_STRICT_OBJC_MSGSEND = YES;
				GCC_C_LANGUAGE_STANDARD = gnu99;
				GCC_WARN_64_TO_32_BIT_CONVERSION = YES;
				GCC_WARN_ABOUT_RETURN_TYPE = YES_ERROR;
				GCC_WARN_UNDECLARED_SELECTOR = YES;
				GCC_WARN_UNINITIALIZED_AUTOS = YES_AGGRESSIVE;
				GCC_WARN_UNUSED_FUNCTION = YES;
				GCC_WARN_UNUSED_VARIABLE = YES;
				IPHONEOS_DEPLOYMENT_TARGET = 8.0;
				MTL_ENABLE_DEBUG_INFO = NO;
				SDKROOT = iphoneos;
				VALIDATE_PRODUCT = YES;
			};
			name = Release;
		};
		660DF99F19E72C4D00CBB4A5 /* Debug */ = {
			isa = XCBuildConfiguration;
			buildSettings = {
				ASSETCATALOG_COMPILER_APPICON_NAME = AppIcon;
				INFOPLIST_FILE = LIonsAndTigers/Info.plist;
				LD_RUNPATH_SEARCH_PATHS = "$(inherited) @executable_path/Frameworks";
				PRODUCT_NAME = "$(TARGET_NAME)";
			};
			name = Debug;
		};
		660DF9A019E72C4D00CBB4A5 /* Release */ = {
			isa = XCBuildConfiguration;
			buildSettings = {
				ASSETCATALOG_COMPILER_APPICON_NAME = AppIcon;
				INFOPLIST_FILE = LIonsAndTigers/Info.plist;
				LD_RUNPATH_SEARCH_PATHS = "$(inherited) @executable_path/Frameworks";
				PRODUCT_NAME = "$(TARGET_NAME)";
			};
			name = Release;
		};
		660DF9A219E72C4D00CBB4A5 /* Debug */ = {
			isa = XCBuildConfiguration;
			buildSettings = {
				BUNDLE_LOADER = "$(TEST_HOST)";
				FRAMEWORK_SEARCH_PATHS = (
					"$(SDKROOT)/Developer/Library/Frameworks",
					"$(inherited)",
				);
				GCC_PREPROCESSOR_DEFINITIONS = (
					"DEBUG=1",
					"$(inherited)",
				);
				INFOPLIST_FILE = LIonsAndTigersTests/Info.plist;
				LD_RUNPATH_SEARCH_PATHS = "$(inherited) @executable_path/Frameworks @loader_path/Frameworks";
				PRODUCT_NAME = "$(TARGET_NAME)";
				TEST_HOST = "$(BUILT_PRODUCTS_DIR)/LIonsAndTigers.app/LIonsAndTigers";
			};
			name = Debug;
		};
		660DF9A319E72C4D00CBB4A5 /* Release */ = {
			isa = XCBuildConfiguration;
			buildSettings = {
				BUNDLE_LOADER = "$(TEST_HOST)";
				FRAMEWORK_SEARCH_PATHS = (
					"$(SDKROOT)/Developer/Library/Frameworks",
					"$(inherited)",
				);
				INFOPLIST_FILE = LIonsAndTigersTests/Info.plist;
				LD_RUNPATH_SEARCH_PATHS = "$(inherited) @executable_path/Frameworks @loader_path/Frameworks";
				PRODUCT_NAME = "$(TARGET_NAME)";
				TEST_HOST = "$(BUILT_PRODUCTS_DIR)/LIonsAndTigers.app/LIonsAndTigers";
			};
			name = Release;
		};
/* End XCBuildConfiguration section */

/* Begin XCConfigurationList section */
		660DF97619E72C4D00CBB4A5 /* Build configuration list for PBXProject "LIonsAndTigers" */ = {
			isa = XCConfigurationList;
			buildConfigurations = (
				660DF99C19E72C4D00CBB4A5 /* Debug */,
				660DF99D19E72C4D00CBB4A5 /* Release */,
			);
			defaultConfigurationIsVisible = 0;
			defaultConfigurationName = Release;
		};
		660DF99E19E72C4D00CBB4A5 /* Build configuration list for PBXNativeTarget "LIonsAndTigers" */ = {
			isa = XCConfigurationList;
			buildConfigurations = (
				660DF99F19E72C4D00CBB4A5 /* Debug */,
				660DF9A019E72C4D00CBB4A5 /* Release */,
			);
			defaultConfigurationIsVisible = 0;
			defaultConfigurationName = Release;
		};
		660DF9A119E72C4D00CBB4A5 /* Build configuration list for PBXNativeTarget "LIonsAndTigersTests" */ = {
			isa = XCConfigurationList;
			buildConfigurations = (
				660DF9A219E72C4D00CBB4A5 /* Debug */,
				660DF9A319E72C4D00CBB4A5 /* Release */,
			);
			defaultConfigurationIsVisible = 0;
			defaultConfigurationName = Release;
		};
/* End XCConfigurationList section */
	};
	rootObject = 660DF97319E72C4D00CBB4A5 /* Project object */;
}
